
Microsoft Visual Studio Solution File, Format Version 12.00
# Visual Studio Version 17
VisualStudioVersion = 17.2.32630.192
MinimumVisualStudioVersion = 10.0.40219.1
Project("{9A19103F-16F7-4668-BE54-9A1E7A4F7556}") = "R5T.F0138", "R5T.F0138\R5T.F0138.csproj", "{F99B9CBC-F8BB-497B-BB58-EDDEC0816403}"
EndProject
Project("{2150E333-8FDC-42A3-9474-1A3956D46DE8}") = "_Dependencies", "_Dependencies", "{89EA37D1-C82E-46DB-8C45-1E2277F2ABEE}"
EndProject
Project("{9A19103F-16F7-4668-BE54-9A1E7A4F7556}") = "R5T.T0131", "..\..\R5T.T0131\source\R5T.T0131\R5T.T0131.csproj", "{330C5A1B-302C-44AD-B0B2-73DAB5B6844B}"
EndProject
Project("{9A19103F-16F7-4668-BE54-9A1E7A4F7556}") = "R5T.T0132", "..\..\R5T.T0132\source\R5T.T0132\R5T.T0132.csproj", "{A9032A5B-9C7A-402F-8699-62527991D4A2}"
EndProject
Project("{9A19103F-16F7-4668-BE54-9A1E7A4F7556}") = "R5T.T0143", "..\..\R5T.T0143\source\R5T.T0143\R5T.T0143.csproj", "{5A21695D-32E9-4A42-A7C0-9AFE87D95E23}"
EndProject
Project("{9A19103F-16F7-4668-BE54-9A1E7A4F7556}") = "R5T.T0178", "..\..\R5T.T0178\source\R5T.T0178\R5T.T0178.csproj", "{3F4A3A04-A18A-4CEC-A49C-D6E063C2F714}"
EndProject
Project("{9A19103F-16F7-4668-BE54-9A1E7A4F7556}") = "R5T.T0179", "..\..\R5T.T0179\source\R5T.T0179\R5T.T0179.csproj", "{893514FE-96E9-47F4-A9C7-3C86F7F597D2}"
EndProject
Project("{9A19103F-16F7-4668-BE54-9A1E7A4F7556}") = "R5T.T0180", "..\..\R5T.T0180\source\R5T.T0180\R5T.T0180.csproj", "{5A15FF11-BD1A-49CC-9654-A19C7FEA3D2C}"
EndProject
Project("{9A19103F-16F7-4668-BE54-9A1E7A4F7556}") = "R5T.T0214", "..\..\R5T.T0214\source\R5T.T0214\R5T.T0214.csproj", "{58965CD2-3D02-4905-AEF8-5BC1410CFB6C}"
EndProject
Project("{9A19103F-16F7-4668-BE54-9A1E7A4F7556}") = "R5T.T0215", "..\..\R5T.T0215\source\R5T.T0215\R5T.T0215.csproj", "{7C707C23-8053-485E-BBDE-5FC7B2EF4CFD}"
EndProject
Project("{9A19103F-16F7-4668-BE54-9A1E7A4F7556}") = "R5T.T0216", "..\..\R5T.T0216\source\R5T.T0216\R5T.T0216.csproj", "{7AC9ECAA-B2A8-41B3-BA40-158E28495150}"
EndProject
Project("{9A19103F-16F7-4668-BE54-9A1E7A4F7556}") = "R5T.T0217", "..\..\R5T.T0217\source\R5T.T0217\R5T.T0217.csproj", "{68BC4452-9433-4946-905E-CBD83CBB8B25}"
EndProject
Project("{9A19103F-16F7-4668-BE54-9A1E7A4F7556}") = "R5T.T0214.Z001", "..\..\R5T.T0214\source\R5T.T0214.Z001\R5T.T0214.Z001.csproj", "{EEAC4CBF-A32E-4F08-93CE-FF4408F3D8AD}"
EndProject
Project("{9A19103F-16F7-4668-BE54-9A1E7A4F7556}") = "R5T.T0215.Z000", "..\..\R5T.T0215\source\R5T.T0215.Z000\R5T.T0215.Z000.csproj", "{D32EB716-9022-4013-ADD1-DCD57BD9D200}"
EndProject
Project("{9A19103F-16F7-4668-BE54-9A1E7A4F7556}") = "R5T.F0000", "..\..\R5T.F0000\source\R5T.F0000\R5T.F0000.csproj", "{98C72D60-D3E2-4A47-96E6-A50EE3C68612}"
EndProject
Project("{9A19103F-16F7-4668-BE54-9A1E7A4F7556}") = "R5T.F0002", "..\..\R5T.F0002\source\R5T.F0002\R5T.F0002.csproj", "{20127601-2888-4B00-B73A-D418CDF832DB}"
EndProject
Project("{9A19103F-16F7-4668-BE54-9A1E7A4F7556}") = "R5T.T0142", "..\..\R5T.T0142\source\R5T.T0142\R5T.T0142.csproj", "{EDD54FCA-381B-409E-B5D7-BDBB57BD4DA4}"
EndProject
Project("{9A19103F-16F7-4668-BE54-9A1E7A4F7556}") = "R5T.T0156", "..\..\R5T.T0156\source\R5T.T0156\R5T.T0156.csproj", "{23F1E68F-D5C5-428A-82A7-78D1145D4A2D}"
EndProject
Project("{9A19103F-16F7-4668-BE54-9A1E7A4F7556}") = "R5T.Y0000", "..\..\R5T.Y0000\source\R5T.Y0000\R5T.Y0000.csproj", "{4DE30ED7-1AF8-4343-BCA7-028AD230E6C0}"
EndProject
Project("{9A19103F-16F7-4668-BE54-9A1E7A4F7556}") = "R5T.Z0000", "..\..\R5T.Z0000\source\R5T.Z0000\R5T.Z0000.csproj", "{1E07F187-90A0-4AD5-B34A-F4BF892CCC90}"
EndProject
Project("{9A19103F-16F7-4668-BE54-9A1E7A4F7556}") = "R5T.F0120", "..\..\R5T.F0120\source\R5T.F0120\R5T.F0120.csproj", "{6FB53EA5-25A3-42D6-B0A5-E8BAE7229679}"
EndProject
Project("{9A19103F-16F7-4668-BE54-9A1E7A4F7556}") = "R5T.F0124", "..\..\R5T.F0124\source\R5T.F0124\R5T.F0124.csproj", "{4C933DCA-3B54-4FBA-92A9-DE3397807B1D}"
EndProject
Project("{9A19103F-16F7-4668-BE54-9A1E7A4F7556}") = "R5T.L0030.T000", "..\..\R5T.L0030\source\R5T.L0030.T000\R5T.L0030.T000.csproj", "{5CA6E31E-CC91-468E-B614-2A7B641185CA}"
EndProject
Project("{9A19103F-16F7-4668-BE54-9A1E7A4F7556}") = "R5T.L0030", "..\..\R5T.L0030\source\R5T.L0030\R5T.L0030.csproj", "{B7455B98-1567-46E1-BCE9-A5C20310376D}"
EndProject
Project("{9A19103F-16F7-4668-BE54-9A1E7A4F7556}") = "R5T.L0032.T000", "..\..\R5T.L0032\source\R5T.L0032.T000\R5T.L0032.T000.csproj", "{B679FFBD-A825-4367-B0A7-E47417AF075C}"
EndProject
Project("{9A19103F-16F7-4668-BE54-9A1E7A4F7556}") = "R5T.L0034", "..\..\R5T.L0034\source\R5T.L0034\R5T.L0034.csproj", "{3708488F-E689-4444-AD62-1366F91745A5}"
EndProject
Project("{9A19103F-16F7-4668-BE54-9A1E7A4F7556}") = "R5T.NG0022", "..\..\R5T.NG0022\source\R5T.NG0022\R5T.NG0022.csproj", "{8071A446-05EF-4B44-A077-6024EDFE353A}"
EndProject
Project("{9A19103F-16F7-4668-BE54-9A1E7A4F7556}") = "R5T.T0150", "..\..\R5T.T0150\source\R5T.T0150\R5T.T0150.csproj", "{609DCC41-C1A4-4C79-98EB-5FB1997211BF}"
EndProject
Project("{9A19103F-16F7-4668-BE54-9A1E7A4F7556}") = "R5T.T0151", "..\..\R5T.T0151\source\R5T.T0151\R5T.T0151.csproj", "{16E8927E-E825-4675-B365-93158E621EE4}"
EndProject
Project("{9A19103F-16F7-4668-BE54-9A1E7A4F7556}") = "R5T.T0172", "..\..\R5T.T0172\source\R5T.T0172\R5T.T0172.csproj", "{6BF4A949-71A5-463B-9BC7-1516FBFC71F9}"
EndProject
Project("{9A19103F-16F7-4668-BE54-9A1E7A4F7556}") = "R5T.T0174", "..\..\R5T.T0174\source\R5T.T0174\R5T.T0174.csproj", "{AE570C29-52CF-4CD6-A4C7-8C30E5DA8579}"
EndProject
Project("{9A19103F-16F7-4668-BE54-9A1E7A4F7556}") = "R5T.T0176", "..\..\R5T.T0176\source\R5T.T0176\R5T.T0176.csproj", "{5DAEB368-CE58-498E-AD91-9FF275A88423}"
EndProject
Project("{9A19103F-16F7-4668-BE54-9A1E7A4F7556}") = "R5T.T0177", "..\..\R5T.T0177\source\R5T.T0177\R5T.T0177.csproj", "{B93DFF3F-8ECF-454F-ACE7-FDDD37C20648}"
EndProject
Project("{9A19103F-16F7-4668-BE54-9A1E7A4F7556}") = "R5T.T0181", "..\..\R5T.T0181\source\R5T.T0181\R5T.T0181.csproj", "{01B3BFC0-8450-4F66-A31B-070DDE59FAA2}"
EndProject
Project("{9A19103F-16F7-4668-BE54-9A1E7A4F7556}") = "R5T.T0185", "..\..\R5T.T0185\source\R5T.T0185\R5T.T0185.csproj", "{E7B4AF08-4365-4B75-BBF5-666637A29655}"
EndProject
Project("{9A19103F-16F7-4668-BE54-9A1E7A4F7556}") = "R5T.T0198", "..\..\R5T.T0198\source\R5T.T0198\R5T.T0198.csproj", "{9FB510E4-1A9A-4685-A90A-1E4CE1B4A59D}"
EndProject
Project("{9A19103F-16F7-4668-BE54-9A1E7A4F7556}") = "R5T.T0203", "..\..\R5T.T0203\source\R5T.T0203\R5T.T0203.csproj", "{A93FD692-6453-45A2-9A7C-D8E8B3EAB248}"
EndProject
Project("{9A19103F-16F7-4668-BE54-9A1E7A4F7556}") = "R5T.F0125", "..\..\R5T.F0125\source\R5T.F0125\R5T.F0125.csproj", "{7AF9F057-D9FC-410F-8217-E758317C92A1}"
EndProject
Project("{9A19103F-16F7-4668-BE54-9A1E7A4F7556}") = "R5T.L0035", "..\..\R5T.L0035\source\R5T.L0035\R5T.L0035.csproj", "{08A15FF7-93C4-4192-9ADD-5AA4626B92B5}"
EndProject
Project("{9A19103F-16F7-4668-BE54-9A1E7A4F7556}") = "R5T.T0217.F001", "..\..\R5T.T0217\source\R5T.T0217.F001\R5T.T0217.F001.csproj", "{C7D44CE7-9627-4582-8EA9-7EA629CC5267}"
EndProject
Project("{9A19103F-16F7-4668-BE54-9A1E7A4F7556}") = "R5T.T0216.F001", "..\..\R5T.T0216\source\R5T.T0216.F001\R5T.T0216.F001.csproj", "{B02F40AC-9C0C-4E03-9F91-EFDE20ADC3FF}"
EndProject
Project("{9A19103F-16F7-4668-BE54-9A1E7A4F7556}") = "R5T.T0218", "..\..\R5T.T0218\source\R5T.T0218\R5T.T0218.csproj", "{6A24652E-205E-44B1-BB22-B60A38F2D181}"
EndProject
Project("{9A19103F-16F7-4668-BE54-9A1E7A4F7556}") = "R5T.F0139", "..\..\R5T.F0139\source\R5T.F0139\R5T.F0139.csproj", "{2A5BD5AA-D80D-44BA-A3F5-07DA4D8EA9CA}"
EndProject
Project("{9A19103F-16F7-4668-BE54-9A1E7A4F7556}") = "R5T.F0140", "..\..\R5T.F0140\source\R5T.F0140\R5T.F0140.csproj", "{76232738-AC7A-4C4F-94E6-5C3AA8B8BF72}"
EndProject
Project("{9A19103F-16F7-4668-BE54-9A1E7A4F7556}") = "R5T.T0219", "..\..\R5T.T0219\source\R5T.T0219\R5T.T0219.csproj", "{BD94FDD7-EE6D-4419-8C02-774B8F1295ED}"
EndProject
Project("{9A19103F-16F7-4668-BE54-9A1E7A4F7556}") = "R5T.Z0044.Z000", "..\..\R5T.Z0044\source\R5T.Z0044.Z000\R5T.Z0044.Z000.csproj", "{88432DBC-CDE8-4BAD-B398-71AF27B018DE}"
EndProject
Project("{9A19103F-16F7-4668-BE54-9A1E7A4F7556}") = "R5T.Z0057", "..\..\R5T.Z0057\source\R5T.Z0057\R5T.Z0057.csproj", "{25DC8B6F-09A4-4705-A01F-B772A0FAB374}"
EndProject
Project("{9A19103F-16F7-4668-BE54-9A1E7A4F7556}") = "R5T.Z0058", "..\..\R5T.Z0058\source\R5T.Z0058\R5T.Z0058.csproj", "{448A661A-C68D-424D-8C1D-E122C769E2B3}"
EndProject
Global
	GlobalSection(NestedProjects) = preSolution
		{330C5A1B-302C-44AD-B0B2-73DAB5B6844B} = {89EA37D1-C82E-46DB-8C45-1E2277F2ABEE}
		{A9032A5B-9C7A-402F-8699-62527991D4A2} = {89EA37D1-C82E-46DB-8C45-1E2277F2ABEE}
		{5A21695D-32E9-4A42-A7C0-9AFE87D95E23} = {89EA37D1-C82E-46DB-8C45-1E2277F2ABEE}
		{3F4A3A04-A18A-4CEC-A49C-D6E063C2F714} = {89EA37D1-C82E-46DB-8C45-1E2277F2ABEE}
		{893514FE-96E9-47F4-A9C7-3C86F7F597D2} = {89EA37D1-C82E-46DB-8C45-1E2277F2ABEE}
		{5A15FF11-BD1A-49CC-9654-A19C7FEA3D2C} = {89EA37D1-C82E-46DB-8C45-1E2277F2ABEE}
		{58965CD2-3D02-4905-AEF8-5BC1410CFB6C} = {89EA37D1-C82E-46DB-8C45-1E2277F2ABEE}
		{7C707C23-8053-485E-BBDE-5FC7B2EF4CFD} = {89EA37D1-C82E-46DB-8C45-1E2277F2ABEE}
		{7AC9ECAA-B2A8-41B3-BA40-158E28495150} = {89EA37D1-C82E-46DB-8C45-1E2277F2ABEE}
		{68BC4452-9433-4946-905E-CBD83CBB8B25} = {89EA37D1-C82E-46DB-8C45-1E2277F2ABEE}
		{EEAC4CBF-A32E-4F08-93CE-FF4408F3D8AD} = {89EA37D1-C82E-46DB-8C45-1E2277F2ABEE}
		{D32EB716-9022-4013-ADD1-DCD57BD9D200} = {89EA37D1-C82E-46DB-8C45-1E2277F2ABEE}
		{98C72D60-D3E2-4A47-96E6-A50EE3C68612} = {89EA37D1-C82E-46DB-8C45-1E2277F2ABEE}
		{20127601-2888-4B00-B73A-D418CDF832DB} = {89EA37D1-C82E-46DB-8C45-1E2277F2ABEE}
		{EDD54FCA-381B-409E-B5D7-BDBB57BD4DA4} = {89EA37D1-C82E-46DB-8C45-1E2277F2ABEE}
		{23F1E68F-D5C5-428A-82A7-78D1145D4A2D} = {89EA37D1-C82E-46DB-8C45-1E2277F2ABEE}
		{4DE30ED7-1AF8-4343-BCA7-028AD230E6C0} = {89EA37D1-C82E-46DB-8C45-1E2277F2ABEE}
		{1E07F187-90A0-4AD5-B34A-F4BF892CCC90} = {89EA37D1-C82E-46DB-8C45-1E2277F2ABEE}
		{6FB53EA5-25A3-42D6-B0A5-E8BAE7229679} = {89EA37D1-C82E-46DB-8C45-1E2277F2ABEE}
		{4C933DCA-3B54-4FBA-92A9-DE3397807B1D} = {89EA37D1-C82E-46DB-8C45-1E2277F2ABEE}
		{5CA6E31E-CC91-468E-B614-2A7B641185CA} = {89EA37D1-C82E-46DB-8C45-1E2277F2ABEE}
		{B7455B98-1567-46E1-BCE9-A5C20310376D} = {89EA37D1-C82E-46DB-8C45-1E2277F2ABEE}
		{B679FFBD-A825-4367-B0A7-E47417AF075C} = {89EA37D1-C82E-46DB-8C45-1E2277F2ABEE}
		{3708488F-E689-4444-AD62-1366F91745A5} = {89EA37D1-C82E-46DB-8C45-1E2277F2ABEE}
		{8071A446-05EF-4B44-A077-6024EDFE353A} = {89EA37D1-C82E-46DB-8C45-1E2277F2ABEE}
		{609DCC41-C1A4-4C79-98EB-5FB1997211BF} = {89EA37D1-C82E-46DB-8C45-1E2277F2ABEE}
		{16E8927E-E825-4675-B365-93158E621EE4} = {89EA37D1-C82E-46DB-8C45-1E2277F2ABEE}
		{6BF4A949-71A5-463B-9BC7-1516FBFC71F9} = {89EA37D1-C82E-46DB-8C45-1E2277F2ABEE}
		{AE570C29-52CF-4CD6-A4C7-8C30E5DA8579} = {89EA37D1-C82E-46DB-8C45-1E2277F2ABEE}
		{5DAEB368-CE58-498E-AD91-9FF275A88423} = {89EA37D1-C82E-46DB-8C45-1E2277F2ABEE}
		{B93DFF3F-8ECF-454F-ACE7-FDDD37C20648} = {89EA37D1-C82E-46DB-8C45-1E2277F2ABEE}
		{01B3BFC0-8450-4F66-A31B-070DDE59FAA2} = {89EA37D1-C82E-46DB-8C45-1E2277F2ABEE}
		{E7B4AF08-4365-4B75-BBF5-666637A29655} = {89EA37D1-C82E-46DB-8C45-1E2277F2ABEE}
		{9FB510E4-1A9A-4685-A90A-1E4CE1B4A59D} = {89EA37D1-C82E-46DB-8C45-1E2277F2ABEE}
		{A93FD692-6453-45A2-9A7C-D8E8B3EAB248} = {89EA37D1-C82E-46DB-8C45-1E2277F2ABEE}
		{7AF9F057-D9FC-410F-8217-E758317C92A1} = {89EA37D1-C82E-46DB-8C45-1E2277F2ABEE}
		{08A15FF7-93C4-4192-9ADD-5AA4626B92B5} = {89EA37D1-C82E-46DB-8C45-1E2277F2ABEE}
		{C7D44CE7-9627-4582-8EA9-7EA629CC5267} = {89EA37D1-C82E-46DB-8C45-1E2277F2ABEE}
		{B02F40AC-9C0C-4E03-9F91-EFDE20ADC3FF} = {89EA37D1-C82E-46DB-8C45-1E2277F2ABEE}
		{6A24652E-205E-44B1-BB22-B60A38F2D181} = {89EA37D1-C82E-46DB-8C45-1E2277F2ABEE}
		{2A5BD5AA-D80D-44BA-A3F5-07DA4D8EA9CA} = {89EA37D1-C82E-46DB-8C45-1E2277F2ABEE}
		{76232738-AC7A-4C4F-94E6-5C3AA8B8BF72} = {89EA37D1-C82E-46DB-8C45-1E2277F2ABEE}
		{BD94FDD7-EE6D-4419-8C02-774B8F1295ED} = {89EA37D1-C82E-46DB-8C45-1E2277F2ABEE}
		{88432DBC-CDE8-4BAD-B398-71AF27B018DE} = {89EA37D1-C82E-46DB-8C45-1E2277F2ABEE}
		{25DC8B6F-09A4-4705-A01F-B772A0FAB374} = {89EA37D1-C82E-46DB-8C45-1E2277F2ABEE}
		{448A661A-C68D-424D-8C1D-E122C769E2B3} = {89EA37D1-C82E-46DB-8C45-1E2277F2ABEE}
	EndGlobalSection
	GlobalSection(SolutionConfigurationPlatforms) = preSolution
		Debug|Any CPU = Debug|Any CPU
		Release|Any CPU = Release|Any CPU
	EndGlobalSection
	GlobalSection(ProjectConfigurationPlatforms) = postSolution
		{F99B9CBC-F8BB-497B-BB58-EDDEC0816403}.Debug|Any CPU.ActiveCfg = Debug|Any CPU
		{F99B9CBC-F8BB-497B-BB58-EDDEC0816403}.Debug|Any CPU.Build.0 = Debug|Any CPU
		{F99B9CBC-F8BB-497B-BB58-EDDEC0816403}.Release|Any CPU.ActiveCfg = Release|Any CPU
		{F99B9CBC-F8BB-497B-BB58-EDDEC0816403}.Release|Any CPU.Build.0 = Release|Any CPU
		{330C5A1B-302C-44AD-B0B2-73DAB5B6844B}.Debug|Any CPU.ActiveCfg = Debug|Any CPU
		{330C5A1B-302C-44AD-B0B2-73DAB5B6844B}.Debug|Any CPU.Build.0 = Debug|Any CPU
		{330C5A1B-302C-44AD-B0B2-73DAB5B6844B}.Release|Any CPU.ActiveCfg = Release|Any CPU
		{330C5A1B-302C-44AD-B0B2-73DAB5B6844B}.Release|Any CPU.Build.0 = Release|Any CPU
		{A9032A5B-9C7A-402F-8699-62527991D4A2}.Debug|Any CPU.ActiveCfg = Debug|Any CPU
		{A9032A5B-9C7A-402F-8699-62527991D4A2}.Debug|Any CPU.Build.0 = Debug|Any CPU
		{A9032A5B-9C7A-402F-8699-62527991D4A2}.Release|Any CPU.ActiveCfg = Release|Any CPU
		{A9032A5B-9C7A-402F-8699-62527991D4A2}.Release|Any CPU.Build.0 = Release|Any CPU
		{5A21695D-32E9-4A42-A7C0-9AFE87D95E23}.Debug|Any CPU.ActiveCfg = Debug|Any CPU
		{5A21695D-32E9-4A42-A7C0-9AFE87D95E23}.Debug|Any CPU.Build.0 = Debug|Any CPU
		{5A21695D-32E9-4A42-A7C0-9AFE87D95E23}.Release|Any CPU.ActiveCfg = Release|Any CPU
		{5A21695D-32E9-4A42-A7C0-9AFE87D95E23}.Release|Any CPU.Build.0 = Release|Any CPU
		{3F4A3A04-A18A-4CEC-A49C-D6E063C2F714}.Debug|Any CPU.ActiveCfg = Debug|Any CPU
		{3F4A3A04-A18A-4CEC-A49C-D6E063C2F714}.Debug|Any CPU.Build.0 = Debug|Any CPU
		{3F4A3A04-A18A-4CEC-A49C-D6E063C2F714}.Release|Any CPU.ActiveCfg = Release|Any CPU
		{3F4A3A04-A18A-4CEC-A49C-D6E063C2F714}.Release|Any CPU.Build.0 = Release|Any CPU
		{893514FE-96E9-47F4-A9C7-3C86F7F597D2}.Debug|Any CPU.ActiveCfg = Debug|Any CPU
		{893514FE-96E9-47F4-A9C7-3C86F7F597D2}.Debug|Any CPU.Build.0 = Debug|Any CPU
		{893514FE-96E9-47F4-A9C7-3C86F7F597D2}.Release|Any CPU.ActiveCfg = Release|Any CPU
		{893514FE-96E9-47F4-A9C7-3C86F7F597D2}.Release|Any CPU.Build.0 = Release|Any CPU
		{5A15FF11-BD1A-49CC-9654-A19C7FEA3D2C}.Debug|Any CPU.ActiveCfg = Debug|Any CPU
		{5A15FF11-BD1A-49CC-9654-A19C7FEA3D2C}.Debug|Any CPU.Build.0 = Debug|Any CPU
		{5A15FF11-BD1A-49CC-9654-A19C7FEA3D2C}.Release|Any CPU.ActiveCfg = Release|Any CPU
		{5A15FF11-BD1A-49CC-9654-A19C7FEA3D2C}.Release|Any CPU.Build.0 = Release|Any CPU
		{58965CD2-3D02-4905-AEF8-5BC1410CFB6C}.Debug|Any CPU.ActiveCfg = Debug|Any CPU
		{58965CD2-3D02-4905-AEF8-5BC1410CFB6C}.Debug|Any CPU.Build.0 = Debug|Any CPU
		{58965CD2-3D02-4905-AEF8-5BC1410CFB6C}.Release|Any CPU.ActiveCfg = Release|Any CPU
		{58965CD2-3D02-4905-AEF8-5BC1410CFB6C}.Release|Any CPU.Build.0 = Release|Any CPU
		{7C707C23-8053-485E-BBDE-5FC7B2EF4CFD}.Debug|Any CPU.ActiveCfg = Debug|Any CPU
		{7C707C23-8053-485E-BBDE-5FC7B2EF4CFD}.Debug|Any CPU.Build.0 = Debug|Any CPU
		{7C707C23-8053-485E-BBDE-5FC7B2EF4CFD}.Release|Any CPU.ActiveCfg = Release|Any CPU
		{7C707C23-8053-485E-BBDE-5FC7B2EF4CFD}.Release|Any CPU.Build.0 = Release|Any CPU
		{7AC9ECAA-B2A8-41B3-BA40-158E28495150}.Debug|Any CPU.ActiveCfg = Debug|Any CPU
		{7AC9ECAA-B2A8-41B3-BA40-158E28495150}.Debug|Any CPU.Build.0 = Debug|Any CPU
		{7AC9ECAA-B2A8-41B3-BA40-158E28495150}.Release|Any CPU.ActiveCfg = Release|Any CPU
		{7AC9ECAA-B2A8-41B3-BA40-158E28495150}.Release|Any CPU.Build.0 = Release|Any CPU
		{68BC4452-9433-4946-905E-CBD83CBB8B25}.Debug|Any CPU.ActiveCfg = Debug|Any CPU
		{68BC4452-9433-4946-905E-CBD83CBB8B25}.Debug|Any CPU.Build.0 = Debug|Any CPU
		{68BC4452-9433-4946-905E-CBD83CBB8B25}.Release|Any CPU.ActiveCfg = Release|Any CPU
		{68BC4452-9433-4946-905E-CBD83CBB8B25}.Release|Any CPU.Build.0 = Release|Any CPU
		{EEAC4CBF-A32E-4F08-93CE-FF4408F3D8AD}.Debug|Any CPU.ActiveCfg = Debug|Any CPU
		{EEAC4CBF-A32E-4F08-93CE-FF4408F3D8AD}.Debug|Any CPU.Build.0 = Debug|Any CPU
		{EEAC4CBF-A32E-4F08-93CE-FF4408F3D8AD}.Release|Any CPU.ActiveCfg = Release|Any CPU
		{EEAC4CBF-A32E-4F08-93CE-FF4408F3D8AD}.Release|Any CPU.Build.0 = Release|Any CPU
		{D32EB716-9022-4013-ADD1-DCD57BD9D200}.Debug|Any CPU.ActiveCfg = Debug|Any CPU
		{D32EB716-9022-4013-ADD1-DCD57BD9D200}.Debug|Any CPU.Build.0 = Debug|Any CPU
		{D32EB716-9022-4013-ADD1-DCD57BD9D200}.Release|Any CPU.ActiveCfg = Release|Any CPU
		{D32EB716-9022-4013-ADD1-DCD57BD9D200}.Release|Any CPU.Build.0 = Release|Any CPU
		{98C72D60-D3E2-4A47-96E6-A50EE3C68612}.Debug|Any CPU.ActiveCfg = Debug|Any CPU
		{98C72D60-D3E2-4A47-96E6-A50EE3C68612}.Debug|Any CPU.Build.0 = Debug|Any CPU
		{98C72D60-D3E2-4A47-96E6-A50EE3C68612}.Release|Any CPU.ActiveCfg = Release|Any CPU
		{98C72D60-D3E2-4A47-96E6-A50EE3C68612}.Release|Any CPU.Build.0 = Release|Any CPU
		{20127601-2888-4B00-B73A-D418CDF832DB}.Debug|Any CPU.ActiveCfg = Debug|Any CPU
		{20127601-2888-4B00-B73A-D418CDF832DB}.Debug|Any CPU.Build.0 = Debug|Any CPU
		{20127601-2888-4B00-B73A-D418CDF832DB}.Release|Any CPU.ActiveCfg = Release|Any CPU
		{20127601-2888-4B00-B73A-D418CDF832DB}.Release|Any CPU.Build.0 = Release|Any CPU
		{EDD54FCA-381B-409E-B5D7-BDBB57BD4DA4}.Debug|Any CPU.ActiveCfg = Debug|Any CPU
		{EDD54FCA-381B-409E-B5D7-BDBB57BD4DA4}.Debug|Any CPU.Build.0 = Debug|Any CPU
		{EDD54FCA-381B-409E-B5D7-BDBB57BD4DA4}.Release|Any CPU.ActiveCfg = Release|Any CPU
		{EDD54FCA-381B-409E-B5D7-BDBB57BD4DA4}.Release|Any CPU.Build.0 = Release|Any CPU
		{23F1E68F-D5C5-428A-82A7-78D1145D4A2D}.Debug|Any CPU.ActiveCfg = Debug|Any CPU
		{23F1E68F-D5C5-428A-82A7-78D1145D4A2D}.Debug|Any CPU.Build.0 = Debug|Any CPU
		{23F1E68F-D5C5-428A-82A7-78D1145D4A2D}.Release|Any CPU.ActiveCfg = Release|Any CPU
		{23F1E68F-D5C5-428A-82A7-78D1145D4A2D}.Release|Any CPU.Build.0 = Release|Any CPU
		{4DE30ED7-1AF8-4343-BCA7-028AD230E6C0}.Debug|Any CPU.ActiveCfg = Debug|Any CPU
		{4DE30ED7-1AF8-4343-BCA7-028AD230E6C0}.Debug|Any CPU.Build.0 = Debug|Any CPU
		{4DE30ED7-1AF8-4343-BCA7-028AD230E6C0}.Release|Any CPU.ActiveCfg = Release|Any CPU
		{4DE30ED7-1AF8-4343-BCA7-028AD230E6C0}.Release|Any CPU.Build.0 = Release|Any CPU
		{1E07F187-90A0-4AD5-B34A-F4BF892CCC90}.Debug|Any CPU.ActiveCfg = Debug|Any CPU
		{1E07F187-90A0-4AD5-B34A-F4BF892CCC90}.Debug|Any CPU.Build.0 = Debug|Any CPU
		{1E07F187-90A0-4AD5-B34A-F4BF892CCC90}.Release|Any CPU.ActiveCfg = Release|Any CPU
		{1E07F187-90A0-4AD5-B34A-F4BF892CCC90}.Release|Any CPU.Build.0 = Release|Any CPU
		{6FB53EA5-25A3-42D6-B0A5-E8BAE7229679}.Debug|Any CPU.ActiveCfg = Debug|Any CPU
		{6FB53EA5-25A3-42D6-B0A5-E8BAE7229679}.Debug|Any CPU.Build.0 = Debug|Any CPU
		{6FB53EA5-25A3-42D6-B0A5-E8BAE7229679}.Release|Any CPU.ActiveCfg = Release|Any CPU
		{6FB53EA5-25A3-42D6-B0A5-E8BAE7229679}.Release|Any CPU.Build.0 = Release|Any CPU
		{4C933DCA-3B54-4FBA-92A9-DE3397807B1D}.Debug|Any CPU.ActiveCfg = Debug|Any CPU
		{4C933DCA-3B54-4FBA-92A9-DE3397807B1D}.Debug|Any CPU.Build.0 = Debug|Any CPU
		{4C933DCA-3B54-4FBA-92A9-DE3397807B1D}.Release|Any CPU.ActiveCfg = Release|Any CPU
		{4C933DCA-3B54-4FBA-92A9-DE3397807B1D}.Release|Any CPU.Build.0 = Release|Any CPU
		{5CA6E31E-CC91-468E-B614-2A7B641185CA}.Debug|Any CPU.ActiveCfg = Debug|Any CPU
		{5CA6E31E-CC91-468E-B614-2A7B641185CA}.Debug|Any CPU.Build.0 = Debug|Any CPU
		{5CA6E31E-CC91-468E-B614-2A7B641185CA}.Release|Any CPU.ActiveCfg = Release|Any CPU
		{5CA6E31E-CC91-468E-B614-2A7B641185CA}.Release|Any CPU.Build.0 = Release|Any CPU
		{B7455B98-1567-46E1-BCE9-A5C20310376D}.Debug|Any CPU.ActiveCfg = Debug|Any CPU
		{B7455B98-1567-46E1-BCE9-A5C20310376D}.Debug|Any CPU.Build.0 = Debug|Any CPU
		{B7455B98-1567-46E1-BCE9-A5C20310376D}.Release|Any CPU.ActiveCfg = Release|Any CPU
		{B7455B98-1567-46E1-BCE9-A5C20310376D}.Release|Any CPU.Build.0 = Release|Any CPU
		{B679FFBD-A825-4367-B0A7-E47417AF075C}.Debug|Any CPU.ActiveCfg = Debug|Any CPU
		{B679FFBD-A825-4367-B0A7-E47417AF075C}.Debug|Any CPU.Build.0 = Debug|Any CPU
		{B679FFBD-A825-4367-B0A7-E47417AF075C}.Release|Any CPU.ActiveCfg = Release|Any CPU
		{B679FFBD-A825-4367-B0A7-E47417AF075C}.Release|Any CPU.Build.0 = Release|Any CPU
		{3708488F-E689-4444-AD62-1366F91745A5}.Debug|Any CPU.ActiveCfg = Debug|Any CPU
		{3708488F-E689-4444-AD62-1366F91745A5}.Debug|Any CPU.Build.0 = Debug|Any CPU
		{3708488F-E689-4444-AD62-1366F91745A5}.Release|Any CPU.ActiveCfg = Release|Any CPU
		{3708488F-E689-4444-AD62-1366F91745A5}.Release|Any CPU.Build.0 = Release|Any CPU
		{8071A446-05EF-4B44-A077-6024EDFE353A}.Debug|Any CPU.ActiveCfg = Debug|Any CPU
		{8071A446-05EF-4B44-A077-6024EDFE353A}.Debug|Any CPU.Build.0 = Debug|Any CPU
		{8071A446-05EF-4B44-A077-6024EDFE353A}.Release|Any CPU.ActiveCfg = Release|Any CPU
		{8071A446-05EF-4B44-A077-6024EDFE353A}.Release|Any CPU.Build.0 = Release|Any CPU
		{609DCC41-C1A4-4C79-98EB-5FB1997211BF}.Debug|Any CPU.ActiveCfg = Debug|Any CPU
		{609DCC41-C1A4-4C79-98EB-5FB1997211BF}.Debug|Any CPU.Build.0 = Debug|Any CPU
		{609DCC41-C1A4-4C79-98EB-5FB1997211BF}.Release|Any CPU.ActiveCfg = Release|Any CPU
		{609DCC41-C1A4-4C79-98EB-5FB1997211BF}.Release|Any CPU.Build.0 = Release|Any CPU
		{16E8927E-E825-4675-B365-93158E621EE4}.Debug|Any CPU.ActiveCfg = Debug|Any CPU
		{16E8927E-E825-4675-B365-93158E621EE4}.Debug|Any CPU.Build.0 = Debug|Any CPU
		{16E8927E-E825-4675-B365-93158E621EE4}.Release|Any CPU.ActiveCfg = Release|Any CPU
		{16E8927E-E825-4675-B365-93158E621EE4}.Release|Any CPU.Build.0 = Release|Any CPU
		{6BF4A949-71A5-463B-9BC7-1516FBFC71F9}.Debug|Any CPU.ActiveCfg = Debug|Any CPU
		{6BF4A949-71A5-463B-9BC7-1516FBFC71F9}.Debug|Any CPU.Build.0 = Debug|Any CPU
		{6BF4A949-71A5-463B-9BC7-1516FBFC71F9}.Release|Any CPU.ActiveCfg = Release|Any CPU
		{6BF4A949-71A5-463B-9BC7-1516FBFC71F9}.Release|Any CPU.Build.0 = Release|Any CPU
		{AE570C29-52CF-4CD6-A4C7-8C30E5DA8579}.Debug|Any CPU.ActiveCfg = Debug|Any CPU
		{AE570C29-52CF-4CD6-A4C7-8C30E5DA8579}.Debug|Any CPU.Build.0 = Debug|Any CPU
		{AE570C29-52CF-4CD6-A4C7-8C30E5DA8579}.Release|Any CPU.ActiveCfg = Release|Any CPU
		{AE570C29-52CF-4CD6-A4C7-8C30E5DA8579}.Release|Any CPU.Build.0 = Release|Any CPU
		{5DAEB368-CE58-498E-AD91-9FF275A88423}.Debug|Any CPU.ActiveCfg = Debug|Any CPU
		{5DAEB368-CE58-498E-AD91-9FF275A88423}.Debug|Any CPU.Build.0 = Debug|Any CPU
		{5DAEB368-CE58-498E-AD91-9FF275A88423}.Release|Any CPU.ActiveCfg = Release|Any CPU
		{5DAEB368-CE58-498E-AD91-9FF275A88423}.Release|Any CPU.Build.0 = Release|Any CPU
		{B93DFF3F-8ECF-454F-ACE7-FDDD37C20648}.Debug|Any CPU.ActiveCfg = Debug|Any CPU
		{B93DFF3F-8ECF-454F-ACE7-FDDD37C20648}.Debug|Any CPU.Build.0 = Debug|Any CPU
		{B93DFF3F-8ECF-454F-ACE7-FDDD37C20648}.Release|Any CPU.ActiveCfg = Release|Any CPU
		{B93DFF3F-8ECF-454F-ACE7-FDDD37C20648}.Release|Any CPU.Build.0 = Release|Any CPU
		{01B3BFC0-8450-4F66-A31B-070DDE59FAA2}.Debug|Any CPU.ActiveCfg = Debug|Any CPU
		{01B3BFC0-8450-4F66-A31B-070DDE59FAA2}.Debug|Any CPU.Build.0 = Debug|Any CPU
		{01B3BFC0-8450-4F66-A31B-070DDE59FAA2}.Release|Any CPU.ActiveCfg = Release|Any CPU
		{01B3BFC0-8450-4F66-A31B-070DDE59FAA2}.Release|Any CPU.Build.0 = Release|Any CPU
		{E7B4AF08-4365-4B75-BBF5-666637A29655}.Debug|Any CPU.ActiveCfg = Debug|Any CPU
		{E7B4AF08-4365-4B75-BBF5-666637A29655}.Debug|Any CPU.Build.0 = Debug|Any CPU
		{E7B4AF08-4365-4B75-BBF5-666637A29655}.Release|Any CPU.ActiveCfg = Release|Any CPU
		{E7B4AF08-4365-4B75-BBF5-666637A29655}.Release|Any CPU.Build.0 = Release|Any CPU
		{9FB510E4-1A9A-4685-A90A-1E4CE1B4A59D}.Debug|Any CPU.ActiveCfg = Debug|Any CPU
		{9FB510E4-1A9A-4685-A90A-1E4CE1B4A59D}.Debug|Any CPU.Build.0 = Debug|Any CPU
		{9FB510E4-1A9A-4685-A90A-1E4CE1B4A59D}.Release|Any CPU.ActiveCfg = Release|Any CPU
		{9FB510E4-1A9A-4685-A90A-1E4CE1B4A59D}.Release|Any CPU.Build.0 = Release|Any CPU
		{A93FD692-6453-45A2-9A7C-D8E8B3EAB248}.Debug|Any CPU.ActiveCfg = Debug|Any CPU
		{A93FD692-6453-45A2-9A7C-D8E8B3EAB248}.Debug|Any CPU.Build.0 = Debug|Any CPU
		{A93FD692-6453-45A2-9A7C-D8E8B3EAB248}.Release|Any CPU.ActiveCfg = Release|Any CPU
		{A93FD692-6453-45A2-9A7C-D8E8B3EAB248}.Release|Any CPU.Build.0 = Release|Any CPU
		{7AF9F057-D9FC-410F-8217-E758317C92A1}.Debug|Any CPU.ActiveCfg = Debug|Any CPU
		{7AF9F057-D9FC-410F-8217-E758317C92A1}.Debug|Any CPU.Build.0 = Debug|Any CPU
		{7AF9F057-D9FC-410F-8217-E758317C92A1}.Release|Any CPU.ActiveCfg = Release|Any CPU
		{7AF9F057-D9FC-410F-8217-E758317C92A1}.Release|Any CPU.Build.0 = Release|Any CPU
		{08A15FF7-93C4-4192-9ADD-5AA4626B92B5}.Debug|Any CPU.ActiveCfg = Debug|Any CPU
		{08A15FF7-93C4-4192-9ADD-5AA4626B92B5}.Debug|Any CPU.Build.0 = Debug|Any CPU
		{08A15FF7-93C4-4192-9ADD-5AA4626B92B5}.Release|Any CPU.ActiveCfg = Release|Any CPU
		{08A15FF7-93C4-4192-9ADD-5AA4626B92B5}.Release|Any CPU.Build.0 = Release|Any CPU
		{C7D44CE7-9627-4582-8EA9-7EA629CC5267}.Debug|Any CPU.ActiveCfg = Debug|Any CPU
		{C7D44CE7-9627-4582-8EA9-7EA629CC5267}.Debug|Any CPU.Build.0 = Debug|Any CPU
		{C7D44CE7-9627-4582-8EA9-7EA629CC5267}.Release|Any CPU.ActiveCfg = Release|Any CPU
		{C7D44CE7-9627-4582-8EA9-7EA629CC5267}.Release|Any CPU.Build.0 = Release|Any CPU
		{B02F40AC-9C0C-4E03-9F91-EFDE20ADC3FF}.Debug|Any CPU.ActiveCfg = Debug|Any CPU
		{B02F40AC-9C0C-4E03-9F91-EFDE20ADC3FF}.Debug|Any CPU.Build.0 = Debug|Any CPU
		{B02F40AC-9C0C-4E03-9F91-EFDE20ADC3FF}.Release|Any CPU.ActiveCfg = Release|Any CPU
		{B02F40AC-9C0C-4E03-9F91-EFDE20ADC3FF}.Release|Any CPU.Build.0 = Release|Any CPU
		{6A24652E-205E-44B1-BB22-B60A38F2D181}.Debug|Any CPU.ActiveCfg = Debug|Any CPU
		{6A24652E-205E-44B1-BB22-B60A38F2D181}.Debug|Any CPU.Build.0 = Debug|Any CPU
		{6A24652E-205E-44B1-BB22-B60A38F2D181}.Release|Any CPU.ActiveCfg = Release|Any CPU
		{6A24652E-205E-44B1-BB22-B60A38F2D181}.Release|Any CPU.Build.0 = Release|Any CPU
		{2A5BD5AA-D80D-44BA-A3F5-07DA4D8EA9CA}.Debug|Any CPU.ActiveCfg = Debug|Any CPU
		{2A5BD5AA-D80D-44BA-A3F5-07DA4D8EA9CA}.Debug|Any CPU.Build.0 = Debug|Any CPU
		{2A5BD5AA-D80D-44BA-A3F5-07DA4D8EA9CA}.Release|Any CPU.ActiveCfg = Release|Any CPU
		{2A5BD5AA-D80D-44BA-A3F5-07DA4D8EA9CA}.Release|Any CPU.Build.0 = Release|Any CPU
		{76232738-AC7A-4C4F-94E6-5C3AA8B8BF72}.Debug|Any CPU.ActiveCfg = Debug|Any CPU
		{76232738-AC7A-4C4F-94E6-5C3AA8B8BF72}.Debug|Any CPU.Build.0 = Debug|Any CPU
		{76232738-AC7A-4C4F-94E6-5C3AA8B8BF72}.Release|Any CPU.ActiveCfg = Release|Any CPU
		{76232738-AC7A-4C4F-94E6-5C3AA8B8BF72}.Release|Any CPU.Build.0 = Release|Any CPU
		{BD94FDD7-EE6D-4419-8C02-774B8F1295ED}.Debug|Any CPU.ActiveCfg = Debug|Any CPU
		{BD94FDD7-EE6D-4419-8C02-774B8F1295ED}.Debug|Any CPU.Build.0 = Debug|Any CPU
		{BD94FDD7-EE6D-4419-8C02-774B8F1295ED}.Release|Any CPU.ActiveCfg = Release|Any CPU
		{BD94FDD7-EE6D-4419-8C02-774B8F1295ED}.Release|Any CPU.Build.0 = Release|Any CPU
		{88432DBC-CDE8-4BAD-B398-71AF27B018DE}.Debug|Any CPU.ActiveCfg = Debug|Any CPU
		{88432DBC-CDE8-4BAD-B398-71AF27B018DE}.Debug|Any CPU.Build.0 = Debug|Any CPU
		{88432DBC-CDE8-4BAD-B398-71AF27B018DE}.Release|Any CPU.ActiveCfg = Release|Any CPU
		{88432DBC-CDE8-4BAD-B398-71AF27B018DE}.Release|Any CPU.Build.0 = Release|Any CPU
		{25DC8B6F-09A4-4705-A01F-B772A0FAB374}.Debug|Any CPU.ActiveCfg = Debug|Any CPU
		{25DC8B6F-09A4-4705-A01F-B772A0FAB374}.Debug|Any CPU.Build.0 = Debug|Any CPU
		{25DC8B6F-09A4-4705-A01F-B772A0FAB374}.Release|Any CPU.ActiveCfg = Release|Any CPU
		{25DC8B6F-09A4-4705-A01F-B772A0FAB374}.Release|Any CPU.Build.0 = Release|Any CPU
		{448A661A-C68D-424D-8C1D-E122C769E2B3}.Debug|Any CPU.ActiveCfg = Debug|Any CPU
		{448A661A-C68D-424D-8C1D-E122C769E2B3}.Debug|Any CPU.Build.0 = Debug|Any CPU
		{448A661A-C68D-424D-8C1D-E122C769E2B3}.Release|Any CPU.ActiveCfg = Release|Any CPU
		{448A661A-C68D-424D-8C1D-E122C769E2B3}.Release|Any CPU.Build.0 = Release|Any CPU
	EndGlobalSection
	GlobalSection(SolutionProperties) = preSolution
		HideSolutionNode = FALSE
	EndGlobalSection
	GlobalSection(ExtensibilityGlobals) = postSolution
		SolutionGuid = {F44FEF28-B792-45F8-B68E-B0A6C6AC22E0}
	EndGlobalSection
EndGlobal
